
Microsoft Visual Studio Solution File, Format Version 12.00
# Visual Studio Version 17
VisualStudioVersion = 17.10.34707.107
MinimumVisualStudioVersion = 10.0.40219.1
Project("{FAE04EC0-301F-11D3-BF4B-00C04F79EFBC}") = "PaboCafe", "PaboCafe\PaboCafe.csproj", "{417652A2-F642-4A37-95D7-B103EB997E3B}"
EndProject
Global
	GlobalSection(SolutionConfigurationPlatforms) = preSolution
		Debug|Any CPU = Debug|Any CPU
		Release|Any CPU = Release|Any CPU
	EndGlobalSection
	GlobalSection(ProjectConfigurationPlatforms) = postSolution
		{417652A2-F642-4A37-95D7-B103EB997E3B}.Debug|Any CPU.ActiveCfg = Debug|Any CPU
		{417652A2-F642-4A37-95D7-B103EB997E3B}.Debug|Any CPU.Build.0 = Debug|Any CPU
		{417652A2-F642-4A37-95D7-B103EB997E3B}.Release|Any CPU.ActiveCfg = Release|Any CPU
		{417652A2-F642-4A37-95D7-B103EB997E3B}.Release|Any CPU.Build.0 = Release|Any CPU
	EndGlobalSection
	GlobalSection(SolutionProperties) = preSolution
		HideSolutionNode = FALSE
	EndGlobalSection
	GlobalSection(ExtensibilityGlobals) = postSolution
		SolutionGuid = {49C00724-981F-471E-9100-AD628C04286C}
	EndGlobalSection
EndGlobal
